
Microsoft Visual Studio Solution File, Format Version 12.00
# Visual Studio Version 16
VisualStudioVersion = 16.0.29728.190
MinimumVisualStudioVersion = 10.0.40219.1
Project("{FAE04EC0-301F-11D3-BF4B-00C04F79EFBC}") = "A1", "A1\A1.csproj", "{657D74AF-3062-4297-BDC6-ED9EC3668B49}"
EndProject
Global
	GlobalSection(SolutionConfigurationPlatforms) = preSolution
		Debug|Any CPU = Debug|Any CPU
		Release|Any CPU = Release|Any CPU
	EndGlobalSection
	GlobalSection(ProjectConfigurationPlatforms) = postSolution
		{657D74AF-3062-4297-BDC6-ED9EC3668B49}.Debug|Any CPU.ActiveCfg = Debug|Any CPU
		{657D74AF-3062-4297-BDC6-ED9EC3668B49}.Debug|Any CPU.Build.0 = Debug|Any CPU
		{657D74AF-3062-4297-BDC6-ED9EC3668B49}.Release|Any CPU.ActiveCfg = Release|Any CPU
		{657D74AF-3062-4297-BDC6-ED9EC3668B49}.Release|Any CPU.Build.0 = Release|Any CPU
	EndGlobalSection
	GlobalSection(SolutionProperties) = preSolution
		HideSolutionNode = FALSE
	EndGlobalSection
	GlobalSection(ExtensibilityGlobals) = postSolution
		SolutionGuid = {C7746DCA-DB34-410A-BBBD-29F074C42DB1}
	EndGlobalSection
EndGlobal
