
Microsoft Visual Studio Solution File, Format Version 12.00
# Visual Studio Version 16
VisualStudioVersion = 16.0.29613.14
MinimumVisualStudioVersion = 10.0.40219.1
Project("{9A19103F-16F7-4668-BE54-9A1E7A4F7556}") = "WojciechWojtowiczLab7", "WebApplication17\WojciechWojtowiczLab7.csproj", "{3EBBE332-9843-4C06-80CD-09C55696F27A}"
EndProject
Global
	GlobalSection(SolutionConfigurationPlatforms) = preSolution
		Debug|Any CPU = Debug|Any CPU
		Release|Any CPU = Release|Any CPU
	EndGlobalSection
	GlobalSection(ProjectConfigurationPlatforms) = postSolution
		{3EBBE332-9843-4C06-80CD-09C55696F27A}.Debug|Any CPU.ActiveCfg = Debug|Any CPU
		{3EBBE332-9843-4C06-80CD-09C55696F27A}.Debug|Any CPU.Build.0 = Debug|Any CPU
		{3EBBE332-9843-4C06-80CD-09C55696F27A}.Release|Any CPU.ActiveCfg = Release|Any CPU
		{3EBBE332-9843-4C06-80CD-09C55696F27A}.Release|Any CPU.Build.0 = Release|Any CPU
	EndGlobalSection
	GlobalSection(SolutionProperties) = preSolution
		HideSolutionNode = FALSE
	EndGlobalSection
	GlobalSection(ExtensibilityGlobals) = postSolution
		SolutionGuid = {4DEAA8F7-DA65-4277-A0E3-E2D43CC928B0}
	EndGlobalSection
EndGlobal
