
Microsoft Visual Studio Solution File, Format Version 12.00
# Visual Studio Version 16
VisualStudioVersion = 16.0.29728.190
MinimumVisualStudioVersion = 10.0.40219.1
Project("{FAE04EC0-301F-11D3-BF4B-00C04F79EFBC}") = "B1", "B1\B1.csproj", "{1969E809-A2E4-41B9-A05E-DD63B45E915D}"
EndProject
Global
	GlobalSection(SolutionConfigurationPlatforms) = preSolution
		Debug|Any CPU = Debug|Any CPU
		Release|Any CPU = Release|Any CPU
	EndGlobalSection
	GlobalSection(ProjectConfigurationPlatforms) = postSolution
		{1969E809-A2E4-41B9-A05E-DD63B45E915D}.Debug|Any CPU.ActiveCfg = Debug|Any CPU
		{1969E809-A2E4-41B9-A05E-DD63B45E915D}.Debug|Any CPU.Build.0 = Debug|Any CPU
		{1969E809-A2E4-41B9-A05E-DD63B45E915D}.Release|Any CPU.ActiveCfg = Release|Any CPU
		{1969E809-A2E4-41B9-A05E-DD63B45E915D}.Release|Any CPU.Build.0 = Release|Any CPU
	EndGlobalSection
	GlobalSection(SolutionProperties) = preSolution
		HideSolutionNode = FALSE
	EndGlobalSection
	GlobalSection(ExtensibilityGlobals) = postSolution
		SolutionGuid = {F6717E41-BCCC-467C-A16B-31E9A2992689}
	EndGlobalSection
EndGlobal
